# This file is automatically @generated by Cargo.
# It is not intended for manual editing.
version = 4

[[package]]
name = "mc-client"
version = "0.1.0"

[[package]]
name = "mc-core"
version = "0.1.0"

[[package]]
name = "mc-net"
version = "0.1.0"

[[package]]
name = "mc-proto"
version = "0.1.0"

[[package]]
name = "mc-render"
version = "0.1.0"

[[package]]
name = "mc-script"
version = "0.1.0"

[[package]]
name = "mc-server"
version = "0.1.0"

[[package]]
name = "mc-sim"
version = "0.1.0"

[[package]]
name = "mc-testkit"
version = "0.1.0"

[[package]]
name = "mc-world"
version = "0.1.0"
